// !$*UTF8*$!
{
	archiveVersion = 1;
	classes = {
	};
	objectVersion = 56;
	objects = {

/* Begin PBXBuildFile section */
		5E1D936D2A703C93001EEEB6 /* String+Ext.swift in Sources */ = {isa = PBXBuildFile; fileRef = 5E1D936C2A703C93001EEEB6 /* String+Ext.swift */; };
		5E1D936F2A703CD5001EEEB6 /* UITextView+Ext.swift in Sources */ = {isa = PBXBuildFile; fileRef = 5E1D936E2A703CD5001EEEB6 /* UITextView+Ext.swift */; };
		5E1D93722A703F31001EEEB6 /* Localizable.strings in Resources */ = {isa = PBXBuildFile; fileRef = 5E1D93742A703F31001EEEB6 /* Localizable.strings */; };
		5E4E0E9B2A6D8ADF00C897F9 /* AppDelegate.swift in Sources */ = {isa = PBXBuildFile; fileRef = 5E4E0E9A2A6D8ADF00C897F9 /* AppDelegate.swift */; };
		5E4E0E9D2A6D8ADF00C897F9 /* SceneDelegate.swift in Sources */ = {isa = PBXBuildFile; fileRef = 5E4E0E9C2A6D8ADF00C897F9 /* SceneDelegate.swift */; };
		5E4E0E9F2A6D8ADF00C897F9 /* CounterViewController.swift in Sources */ = {isa = PBXBuildFile; fileRef = 5E4E0E9E2A6D8ADF00C897F9 /* CounterViewController.swift */; };
		5E4E0EA22A6D8ADF00C897F9 /* Main.storyboard in Resources */ = {isa = PBXBuildFile; fileRef = 5E4E0EA02A6D8ADF00C897F9 /* Main.storyboard */; };
		5E4E0EA42A6D8AE000C897F9 /* Assets.xcassets in Resources */ = {isa = PBXBuildFile; fileRef = 5E4E0EA32A6D8AE000C897F9 /* Assets.xcassets */; };
		5E4E0EA72A6D8AE000C897F9 /* LaunchScreen.storyboard in Resources */ = {isa = PBXBuildFile; fileRef = 5E4E0EA52A6D8AE000C897F9 /* LaunchScreen.storyboard */; };
/* End PBXBuildFile section */

/* Begin PBXFileReference section */
		5E1D936C2A703C93001EEEB6 /* String+Ext.swift */ = {isa = PBXFileReference; lastKnownFileType = sourcecode.swift; path = "String+Ext.swift"; sourceTree = "<group>"; };
		5E1D936E2A703CD5001EEEB6 /* UITextView+Ext.swift */ = {isa = PBXFileReference; lastKnownFileType = sourcecode.swift; path = "UITextView+Ext.swift"; sourceTree = "<group>"; };
		5E1D93732A703F31001EEEB6 /* en */ = {isa = PBXFileReference; lastKnownFileType = text.plist.strings; name = en; path = en.lproj/Localizable.strings; sourceTree = "<group>"; };
		5E1D93752A703FC1001EEEB6 /* ru */ = {isa = PBXFileReference; lastKnownFileType = text.plist.strings; name = ru; path = ru.lproj/Localizable.strings; sourceTree = "<group>"; };
		5E4E0E972A6D8ADF00C897F9 /* Counter.app */ = {isa = PBXFileReference; explicitFileType = wrapper.application; includeInIndex = 0; path = Counter.app; sourceTree = BUILT_PRODUCTS_DIR; };
		5E4E0E9A2A6D8ADF00C897F9 /* AppDelegate.swift */ = {isa = PBXFileReference; lastKnownFileType = sourcecode.swift; path = AppDelegate.swift; sourceTree = "<group>"; };
		5E4E0E9C2A6D8ADF00C897F9 /* SceneDelegate.swift */ = {isa = PBXFileReference; lastKnownFileType = sourcecode.swift; path = SceneDelegate.swift; sourceTree = "<group>"; };
		5E4E0E9E2A6D8ADF00C897F9 /* CounterViewController.swift */ = {isa = PBXFileReference; lastKnownFileType = sourcecode.swift; path = CounterViewController.swift; sourceTree = "<group>"; };
		5E4E0EA12A6D8ADF00C897F9 /* Base */ = {isa = PBXFileReference; lastKnownFileType = file.storyboard; name = Base; path = Base.lproj/Main.storyboard; sourceTree = "<group>"; };
		5E4E0EA32A6D8AE000C897F9 /* Assets.xcassets */ = {isa = PBXFileReference; lastKnownFileType = folder.assetcatalog; path = Assets.xcassets; sourceTree = "<group>"; };
		5E4E0EA62A6D8AE000C897F9 /* Base */ = {isa = PBXFileReference; lastKnownFileType = file.storyboard; name = Base; path = Base.lproj/LaunchScreen.storyboard; sourceTree = "<group>"; };
		5E4E0EA82A6D8AE000C897F9 /* Info.plist */ = {isa = PBXFileReference; lastKnownFileType = text.plist.xml; path = Info.plist; sourceTree = "<group>"; };
/* End PBXFileReference section */

/* Begin PBXFrameworksBuildPhase section */
		5E4E0E942A6D8ADF00C897F9 /* Frameworks */ = {
			isa = PBXFrameworksBuildPhase;
			buildActionMask = 2147483647;
			files = (
			);
			runOnlyForDeploymentPostprocessing = 0;
		};
/* End PBXFrameworksBuildPhase section */

/* Begin PBXGroup section */
		5E1D936B2A703C81001EEEB6 /* Extensions */ = {
			isa = PBXGroup;
			children = (
				5E1D936C2A703C93001EEEB6 /* String+Ext.swift */,
				5E1D936E2A703CD5001EEEB6 /* UITextView+Ext.swift */,
			);
			path = Extensions;
			sourceTree = "<group>";
		};
		5E4E0E8E2A6D8ADF00C897F9 = {
			isa = PBXGroup;
			children = (
				5E4E0E992A6D8ADF00C897F9 /* Counter */,
				5E4E0E982A6D8ADF00C897F9 /* Products */,
			);
			sourceTree = "<group>";
		};
		5E4E0E982A6D8ADF00C897F9 /* Products */ = {
			isa = PBXGroup;
			children = (
				5E4E0E972A6D8ADF00C897F9 /* Counter.app */,
			);
			name = Products;
			sourceTree = "<group>";
		};
		5E4E0E992A6D8ADF00C897F9 /* Counter */ = {
			isa = PBXGroup;
			children = (
				5E4E0EBB2A6D8BB200C897F9 /* App */,
				5E4E0EBD2A6D8BCA00C897F9 /* Controllers */,
				5E1D936B2A703C81001EEEB6 /* Extensions */,
				5E4E0EBC2A6D8BC000C897F9 /* Resources */,
				5E4E0EA82A6D8AE000C897F9 /* Info.plist */,
			);
			path = Counter;
			sourceTree = "<group>";
		};
		5E4E0EBB2A6D8BB200C897F9 /* App */ = {
			isa = PBXGroup;
			children = (
				5E4E0E9A2A6D8ADF00C897F9 /* AppDelegate.swift */,
				5E4E0E9C2A6D8ADF00C897F9 /* SceneDelegate.swift */,
			);
			path = App;
			sourceTree = "<group>";
		};
		5E4E0EBC2A6D8BC000C897F9 /* Resources */ = {
			isa = PBXGroup;
			children = (
				5E4E0EA02A6D8ADF00C897F9 /* Main.storyboard */,
				5E4E0EA52A6D8AE000C897F9 /* LaunchScreen.storyboard */,
				5E4E0EA32A6D8AE000C897F9 /* Assets.xcassets */,
				5E1D93742A703F31001EEEB6 /* Localizable.strings */,
			);
			path = Resources;
			sourceTree = "<group>";
		};
		5E4E0EBD2A6D8BCA00C897F9 /* Controllers */ = {
			isa = PBXGroup;
			children = (
				5E4E0E9E2A6D8ADF00C897F9 /* CounterViewController.swift */,
			);
			path = Controllers;
			sourceTree = "<group>";
		};
/* End PBXGroup section */

/* Begin PBXNativeTarget section */
		5E4E0E962A6D8ADF00C897F9 /* Counter */ = {
			isa = PBXNativeTarget;
			buildConfigurationList = 5E4E0EAB2A6D8AE000C897F9 /* Build configuration list for PBXNativeTarget "Counter" */;
			buildPhases = (
				5E4E0E932A6D8ADF00C897F9 /* Sources */,
				5E4E0E942A6D8ADF00C897F9 /* Frameworks */,
				5E4E0E952A6D8ADF00C897F9 /* Resources */,
			);
			buildRules = (
			);
			dependencies = (
			);
			name = Counter;
			productName = Counter;
			productReference = 5E4E0E972A6D8ADF00C897F9 /* Counter.app */;
			productType = "com.apple.product-type.application";
		};
/* End PBXNativeTarget section */

/* Begin PBXProject section */
		5E4E0E8F2A6D8ADF00C897F9 /* Project object */ = {
			isa = PBXProject;
			attributes = {
				BuildIndependentTargetsInParallel = 1;
				LastSwiftUpdateCheck = 1430;
				LastUpgradeCheck = 1430;
				TargetAttributes = {
					5E4E0E962A6D8ADF00C897F9 = {
						CreatedOnToolsVersion = 14.3;
					};
				};
			};
			buildConfigurationList = 5E4E0E922A6D8ADF00C897F9 /* Build configuration list for PBXProject "Counter" */;
			compatibilityVersion = "Xcode 14.0";
			developmentRegion = en;
			hasScannedForEncodings = 0;
			knownRegions = (
				en,
				Base,
				ru,
			);
			mainGroup = 5E4E0E8E2A6D8ADF00C897F9;
			productRefGroup = 5E4E0E982A6D8ADF00C897F9 /* Products */;
			projectDirPath = "";
			projectRoot = "";
			targets = (
				5E4E0E962A6D8ADF00C897F9 /* Counter */,
			);
		};
/* End PBXProject section */

/* Begin PBXResourcesBuildPhase section */
		5E4E0E952A6D8ADF00C897F9 /* Resources */ = {
			isa = PBXResourcesBuildPhase;
			buildActionMask = 2147483647;
			files = (
				5E4E0EA72A6D8AE000C897F9 /* LaunchScreen.storyboard in Resources */,
				5E1D93722A703F31001EEEB6 /* Localizable.strings in Resources */,
				5E4E0EA42A6D8AE000C897F9 /* Assets.xcassets in Resources */,
				5E4E0EA22A6D8ADF00C897F9 /* Main.storyboard in Resources */,
			);
			runOnlyForDeploymentPostprocessing = 0;
		};
/* End PBXResourcesBuildPhase section */

/* Begin PBXSourcesBuildPhase section */
		5E4E0E932A6D8ADF00C897F9 /* Sources */ = {
			isa = PBXSourcesBuildPhase;
			buildActionMask = 2147483647;
			files = (
				5E4E0E9F2A6D8ADF00C897F9 /* CounterViewController.swift in Sources */,
				5E4E0E9B2A6D8ADF00C897F9 /* AppDelegate.swift in Sources */,
				5E1D936D2A703C93001EEEB6 /* String+Ext.swift in Sources */,
				5E4E0E9D2A6D8ADF00C897F9 /* SceneDelegate.swift in Sources */,
				5E1D936F2A703CD5001EEEB6 /* UITextView+Ext.swift in Sources */,
			);
			runOnlyForDeploymentPostprocessing = 0;
		};
/* End PBXSourcesBuildPhase section */

/* Begin PBXVariantGroup section */
		5E1D93742A703F31001EEEB6 /* Localizable.strings */ = {
			isa = PBXVariantGroup;
			children = (
				5E1D93732A703F31001EEEB6 /* en */,
				5E1D93752A703FC1001EEEB6 /* ru */,
			);
			name = Localizable.strings;
			sourceTree = "<group>";
		};
		5E4E0EA02A6D8ADF00C897F9 /* Main.storyboard */ = {
			isa = PBXVariantGroup;
			children = (
				5E4E0EA12A6D8ADF00C897F9 /* Base */,
			);
			name = Main.storyboard;
			sourceTree = "<group>";
		};
		5E4E0EA52A6D8AE000C897F9 /* LaunchScreen.storyboard */ = {
			isa = PBXVariantGroup;
			children = (
				5E4E0EA62A6D8AE000C897F9 /* Base */,
			);
			name = LaunchScreen.storyboard;
			sourceTree = "<group>";
		};
/* End PBXVariantGroup section */

/* Begin XCBuildConfiguration section */
		5E4E0EA92A6D8AE000C897F9 /* Debug */ = {
			isa = XCBuildConfiguration;
			buildSettings = {
				ALWAYS_SEARCH_USER_PATHS = NO;
				CLANG_ANALYZER_LOCALIZABILITY_NONLOCALIZED = YES;
				CLANG_ANALYZER_NONNULL = YES;
				CLANG_ANALYZER_NUMBER_OBJECT_CONVERSION = YES_AGGRESSIVE;
				CLANG_CXX_LANGUAGE_STANDARD = "gnu++20";
				CLANG_ENABLE_MODULES = YES;
				CLANG_ENABLE_OBJC_ARC = YES;
				CLANG_ENABLE_OBJC_WEAK = YES;
				CLANG_WARN_BLOCK_CAPTURE_AUTORELEASING = YES;
				CLANG_WARN_BOOL_CONVERSION = YES;
				CLANG_WARN_COMMA = YES;
				CLANG_WARN_CONSTANT_CONVERSION = YES;
				CLANG_WARN_DEPRECATED_OBJC_IMPLEMENTATIONS = YES;
				CLANG_WARN_DIRECT_OBJC_ISA_USAGE = YES_ERROR;
				CLANG_WARN_DOCUMENTATION_COMMENTS = YES;
				CLANG_WARN_EMPTY_BODY = YES;
				CLANG_WARN_ENUM_CONVERSION = YES;
				CLANG_WARN_INFINITE_RECURSION = YES;
				CLANG_WARN_INT_CONVERSION = YES;
				CLANG_WARN_NON_LITERAL_NULL_CONVERSION = YES;
				CLANG_WARN_OBJC_IMPLICIT_RETAIN_SELF = YES;
				CLANG_WARN_OBJC_LITERAL_CONVERSION = YES;
				CLANG_WARN_OBJC_ROOT_CLASS = YES_ERROR;
				CLANG_WARN_QUOTED_INCLUDE_IN_FRAMEWORK_HEADER = YES;
				CLANG_WARN_RANGE_LOOP_ANALYSIS = YES;
				CLANG_WARN_STRICT_PROTOTYPES = YES;
				CLANG_WARN_SUSPICIOUS_MOVE = YES;
				CLANG_WARN_UNGUARDED_AVAILABILITY = YES_AGGRESSIVE;
				CLANG_WARN_UNREACHABLE_CODE = YES;
				CLANG_WARN__DUPLICATE_METHOD_MATCH = YES;
				COPY_PHASE_STRIP = NO;
				DEBUG_INFORMATION_FORMAT = dwarf;
				ENABLE_STRICT_OBJC_MSGSEND = YES;
				ENABLE_TESTABILITY = YES;
				GCC_C_LANGUAGE_STANDARD = gnu11;
				GCC_DYNAMIC_NO_PIC = NO;
				GCC_NO_COMMON_BLOCKS = YES;
				GCC_OPTIMIZATION_LEVEL = 0;
				GCC_PREPROCESSOR_DEFINITIONS = (
					"DEBUG=1",
					"$(inherited)",
				);
				GCC_WARN_64_TO_32_BIT_CONVERSION = YES;
				GCC_WARN_ABOUT_RETURN_TYPE = YES_ERROR;
				GCC_WARN_UNDECLARED_SELECTOR = YES;
				GCC_WARN_UNINITIALIZED_AUTOS = YES_AGGRESSIVE;
				GCC_WARN_UNUSED_FUNCTION = YES;
				GCC_WARN_UNUSED_VARIABLE = YES;
				IPHONEOS_DEPLOYMENT_TARGET = 15.0;
				MTL_ENABLE_DEBUG_INFO = INCLUDE_SOURCE;
				MTL_FAST_MATH = YES;
				ONLY_ACTIVE_ARCH = YES;
				SDKROOT = iphoneos;
				SWIFT_ACTIVE_COMPILATION_CONDITIONS = DEBUG;
				SWIFT_OPTIMIZATION_LEVEL = "-Onone";
			};
			name = Debug;
		};
		5E4E0EAA2A6D8AE000C897F9 /* Release */ = {
			isa = XCBuildConfiguration;
			buildSettings = {
				ALWAYS_SEARCH_USER_PATHS = NO;
				CLANG_ANALYZER_LOCALIZABILITY_NONLOCALIZED = YES;
				CLANG_ANALYZER_NONNULL = YES;
				CLANG_ANALYZER_NUMBER_OBJECT_CONVERSION = YES_AGGRESSIVE;
				CLANG_CXX_LANGUAGE_STANDARD = "gnu++20";
				CLANG_ENABLE_MODULES = YES;
				CLANG_ENABLE_OBJC_ARC = YES;
				CLANG_ENABLE_OBJC_WEAK = YES;
				CLANG_WARN_BLOCK_CAPTURE_AUTORELEASING = YES;
				CLANG_WARN_BOOL_CONVERSION = YES;
				CLANG_WARN_COMMA = YES;
				CLANG_WARN_CONSTANT_CONVERSION = YES;
				CLANG_WARN_DEPRECATED_OBJC_IMPLEMENTATIONS = YES;
				CLANG_WARN_DIRECT_OBJC_ISA_USAGE = YES_ERROR;
				CLANG_WARN_DOCUMENTATION_COMMENTS = YES;
				CLANG_WARN_EMPTY_BODY = YES;
				CLANG_WARN_ENUM_CONVERSION = YES;
				CLANG_WARN_INFINITE_RECURSION = YES;
				CLANG_WARN_INT_CONVERSION = YES;
				CLANG_WARN_NON_LITERAL_NULL_CONVERSION = YES;
				CLANG_WARN_OBJC_IMPLICIT_RETAIN_SELF = YES;
				CLANG_WARN_OBJC_LITERAL_CONVERSION = YES;
				CLANG_WARN_OBJC_ROOT_CLASS = YES_ERROR;
				CLANG_WARN_QUOTED_INCLUDE_IN_FRAMEWORK_HEADER = YES;
				CLANG_WARN_RANGE_LOOP_ANALYSIS = YES;
				CLANG_WARN_STRICT_PROTOTYPES = YES;
				CLANG_WARN_SUSPICIOUS_MOVE = YES;
				CLANG_WARN_UNGUARDED_AVAILABILITY = YES_AGGRESSIVE;
				CLANG_WARN_UNREACHABLE_CODE = YES;
				CLANG_WARN__DUPLICATE_METHOD_MATCH = YES;
				COPY_PHASE_STRIP = NO;
				DEBUG_INFORMATION_FORMAT = "dwarf-with-dsym";
				ENABLE_NS_ASSERTIONS = NO;
				ENABLE_STRICT_OBJC_MSGSEND = YES;
				GCC_C_LANGUAGE_STANDARD = gnu11;
				GCC_NO_COMMON_BLOCKS = YES;
				GCC_WARN_64_TO_32_BIT_CONVERSION = YES;
				GCC_WARN_ABOUT_RETURN_TYPE = YES_ERROR;
				GCC_WARN_UNDECLARED_SELECTOR = YES;
				GCC_WARN_UNINITIALIZED_AUTOS = YES_AGGRESSIVE;
				GCC_WARN_UNUSED_FUNCTION = YES;
				GCC_WARN_UNUSED_VARIABLE = YES;
				IPHONEOS_DEPLOYMENT_TARGET = 15.0;
				MTL_ENABLE_DEBUG_INFO = NO;
				MTL_FAST_MATH = YES;
				SDKROOT = iphoneos;
				SWIFT_COMPILATION_MODE = wholemodule;
				SWIFT_OPTIMIZATION_LEVEL = "-O";
				VALIDATE_PRODUCT = YES;
			};
			name = Release;
		};
		5E4E0EAC2A6D8AE000C897F9 /* Debug */ = {
			isa = XCBuildConfiguration;
			buildSettings = {
				ASSETCATALOG_COMPILER_APPICON_NAME = AppIcon;
				ASSETCATALOG_COMPILER_GLOBAL_ACCENT_COLOR_NAME = AccentColor;
				CODE_SIGN_STYLE = Automatic;
				CURRENT_PROJECT_VERSION = 1;
				DEVELOPMENT_TEAM = X7JCT2793N;
				GENERATE_INFOPLIST_FILE = YES;
				INFOPLIST_FILE = Counter/Info.plist;
				INFOPLIST_KEY_LSApplicationCategoryType = "public.app-category.lifestyle";
				INFOPLIST_KEY_UIApplicationSupportsIndirectInputEvents = YES;
				INFOPLIST_KEY_UILaunchStoryboardName = LaunchScreen;
				INFOPLIST_KEY_UIMainStoryboardFile = Main;
				INFOPLIST_KEY_UISupportedInterfaceOrientations = UIInterfaceOrientationPortrait;
				INFOPLIST_KEY_UISupportedInterfaceOrientations_iPad = "UIInterfaceOrientationLandscapeLeft UIInterfaceOrientationLandscapeRight UIInterfaceOrientationPortrait UIInterfaceOrientationPortraitUpsideDown";
				IPHONEOS_DEPLOYMENT_TARGET = 15.0;
				LD_RUNPATH_SEARCH_PATHS = (
					"$(inherited)",
					"@executable_path/Frameworks",
				);
				MARKETING_VERSION = 1.0;
				PRODUCT_BUNDLE_IDENTIFIER = com.makovey.Counter;
				PRODUCT_NAME = "$(TARGET_NAME)";
				SUPPORTED_PLATFORMS = "iphoneos iphonesimulator";
				SUPPORTS_MACCATALYST = NO;
				SUPPORTS_MAC_DESIGNED_FOR_IPHONE_IPAD = YES;
				SWIFT_EMIT_LOC_STRINGS = YES;
				SWIFT_VERSION = 5.0;
				TARGETED_DEVICE_FAMILY = 1;
			};
			name = Debug;
		};
		5E4E0EAD2A6D8AE000C897F9 /* Release */ = {
			isa = XCBuildConfiguration;
			buildSettings = {
				ASSETCATALOG_COMPILER_APPICON_NAME = AppIcon;
				ASSETCATALOG_COMPILER_GLOBAL_ACCENT_COLOR_NAME = AccentColor;
				CODE_SIGN_STYLE = Automatic;
				CURRENT_PROJECT_VERSION = 1;
				DEVELOPMENT_TEAM = X7JCT2793N;
				GENERATE_INFOPLIST_FILE = YES;
				INFOPLIST_FILE = Counter/Info.plist;
				INFOPLIST_KEY_LSApplicationCategoryType = "public.app-category.lifestyle";
				INFOPLIST_KEY_UIApplicationSupportsIndirectInputEvents = YES;
				INFOPLIST_KEY_UILaunchStoryboardName = LaunchScreen;
				INFOPLIST_KEY_UIMainStoryboardFile = Main;
				INFOPLIST_KEY_UISupportedInterfaceOrientations = UIInterfaceOrientationPortrait;
				INFOPLIST_KEY_UISupportedInterfaceOrientations_iPad = "UIInterfaceOrientationLandscapeLeft UIInterfaceOrientationLandscapeRight UIInterfaceOrientationPortrait UIInterfaceOrientationPortraitUpsideDown";
				IPHONEOS_DEPLOYMENT_TARGET = 15.0;
				LD_RUNPATH_SEARCH_PATHS = (
					"$(inherited)",
					"@executable_path/Frameworks",
				);
				MARKETING_VERSION = 1.0;
				PRODUCT_BUNDLE_IDENTIFIER = com.makovey.Counter;
				PRODUCT_NAME = "$(TARGET_NAME)";
				SUPPORTED_PLATFORMS = "iphoneos iphonesimulator";
				SUPPORTS_MACCATALYST = NO;
				SUPPORTS_MAC_DESIGNED_FOR_IPHONE_IPAD = YES;
				SWIFT_EMIT_LOC_STRINGS = YES;
				SWIFT_VERSION = 5.0;
				TARGETED_DEVICE_FAMILY = 1;
			};
			name = Release;
		};
/* End XCBuildConfiguration section */

/* Begin XCConfigurationList section */
		5E4E0E922A6D8ADF00C897F9 /* Build configuration list for PBXProject "Counter" */ = {
			isa = XCConfigurationList;
			buildConfigurations = (
				5E4E0EA92A6D8AE000C897F9 /* Debug */,
				5E4E0EAA2A6D8AE000C897F9 /* Release */,
			);
			defaultConfigurationIsVisible = 0;
			defaultConfigurationName = Release;
		};
		5E4E0EAB2A6D8AE000C897F9 /* Build configuration list for PBXNativeTarget "Counter" */ = {
			isa = XCConfigurationList;
			buildConfigurations = (
				5E4E0EAC2A6D8AE000C897F9 /* Debug */,
				5E4E0EAD2A6D8AE000C897F9 /* Release */,
			);
			defaultConfigurationIsVisible = 0;
			defaultConfigurationName = Release;
		};
/* End XCConfigurationList section */
	};
	rootObject = 5E4E0E8F2A6D8ADF00C897F9 /* Project object */;
}
